{
  "name": "db",
  "lockfileVersion": 3,
  "requires": true,
  "packages": {
    "": {
      "name": "db",
      "dependencies": {
        "dbmate": "2.36.0",
        "postgres": "^3.4.5"
      }
    },
    "node_modules/@dbmate/darwin-arm64": {
      "version": "2.36.0",
      "resolved": "https://registry.npmjs.org/@dbmate/darwin-arm64/-/darwin-arm64-2.36.0.tgz",
      "integrity": "sha512-9NkTCUl4QxDypfiEvVoNucO+3xyKeVIAoIoX2GtCqfRLtMzZ9zvOWcDlLgvqeKDSYCTEziW9QldgH7RggbEmOQ==",
      "cpu": [
        "arm64"
      ],
      "license": "MIT",
      "optional": true,
      "os": [
        "darwin"
      ]
    },
    "node_modules/@dbmate/darwin-x64": {
      "version": "2.36.0",
      "resolved": "https://registry.npmjs.org/@dbmate/darwin-x64/-/darwin-x64-2.36.0.tgz",
      "integrity": "sha512-FmG84xyAm2s/pBXuB4jipjTJ4O4FDRv+XboXCKDGjVA7ZLJhUCl5HGQ6ih9HgWIsklriMvNcP/GnhlUdW3Ii1g==",
      "cpu": [
        "x64"
      ],
      "license": "MIT",
      "optional": true,
      "os": [
        "darwin"
      ]
    },
    "node_modules/@dbmate/linux-arm": {
      "version": "2.36.0",
      "resolved": "https://registry.npmjs.org/@dbmate/linux-arm/-/linux-arm-2.36.0.tgz",
      "integrity": "sha512-iUKfCdX5XwbPjA16oB6OJRSyeGCQnzJjVV2F59gKRo/xYhpcYrRe3jScq7IziSSUwrYQEjXARjC+vuMEKfhlXg==",
      "cpu": [
        "arm"
      ],
      "license": "MIT",
      "optional": true,
      "os": [
        "linux"
      ]
    },
    "node_modules/@dbmate/linux-arm64": {
      "version": "2.36.0",
      "resolved": "https://registry.npmjs.org/@dbmate/linux-arm64/-/linux-arm64-2.36.0.tgz",
      "integrity": "sha512-oGTjl1HgegCQ+Hppf7C1c0pX8KZa/X+TbAVGVmlC2wO2swuqRcCl9PzAHTw9wXKazfnK4EqdeoUWi099qOfJ9Q==",
      "cpu": [
        "arm64"
      ],
      "license": "MIT",
      "optional": true,
      "os": [
        "linux"
      ]
    },
    "node_modules/@dbmate/linux-ia32": {
      "version": "2.36.0",
      "resolved": "https://registry.npmjs.org/@dbmate/linux-ia32/-/linux-ia32-2.36.0.tgz",
      "integrity": "sha512-xLn1wZ3LSP6ed/8xM76AtHaFszDLEAFwT6t5dGOgOamufFIJVPmPY4v8khTZTnhbz1ZZka/KUC65nJOb9I1XRg==",
      "cpu": [
        "ia32"
      ],
      "license": "MIT",
      "optional": true,
      "os": [
        "linux"
      ]
    },
    "node_modules/@dbmate/linux-x64": {
      "version": "2.36.0",
      "resolved": "https://registry.npmjs.org/@dbmate/linux-x64/-/linux-x64-2.36.0.tgz",
      "integrity": "sha512-LdLpgyuluwJ93rWcvJjdlsjJ8rBeeAH52h3dSk0zAMaLrQn49dup1/o2tFpG1jM9f767HkuXdBrrjy6ZwG9BSg==",
      "cpu": [
        "x64"
      ],
      "license": "MIT",
      "optional": true,
      "os": [
        "linux"
      ]
    },
    "node_modules/@dbmate/win32-x64": {
      "version": "2.36.0",
      "resolved": "https://registry.npmjs.org/@dbmate/win32-x64/-/win32-x64-2.36.0.tgz",
      "integrity": "sha512-gruX3BWHdwC01NcK0H7/aZCMJ8bnG5Sggxr0h4f5EZkIIYK/mezHb766A00cnsZ5dcX90nGD8ePRDKYrtoE/8w==",
      "cpu": [
        "x64"
      ],
      "license": "MIT",
      "optional": true,
      "os": [
        "win32"
      ]
    },
    "node_modules/dbmate": {
      "version": "2.36.0",
      "resolved": "https://registry.npmjs.org/dbmate/-/dbmate-2.36.0.tgz",
      "integrity": "sha512-O7oyA9Z9Lfo+JauW7+ZUUURll5xCYb7n130anDTfOdOeDaXP7+FMyeZ76cfGpBVt/eDShj6tbGbc8yR5VT3ulg==",
      "license": "MIT",
      "bin": {
        "dbmate": "dist/cli.js"
      },
      "optionalDependencies": {
        "@dbmate/darwin-arm64": "2.36.0",
        "@dbmate/darwin-x64": "2.36.0",
        "@dbmate/linux-arm": "2.36.0",
        "@dbmate/linux-arm64": "2.36.0",
        "@dbmate/linux-ia32": "2.36.0",
        "@dbmate/linux-x64": "2.36.0",
        "@dbmate/win32-x64": "2.36.0"
      }
    },
    "node_modules/postgres": {
      "version": "3.4.9",
      "resolved": "https://registry.npmjs.org/postgres/-/postgres-3.4.9.tgz",
      "integrity": "sha512-GD3qdB0x1z9xgFI6cdRD6xu2Sp2WCOEoe3mtnyB5Ee0XrrL5Pe+e4CCnJrRMnL1zYtRDZmQQVbvOttLnKDLnaw==",
      "license": "Unlicense",
      "engines": {
        "node": ">=12"
      },
      "funding": {
        "type": "individual",
        "url": "https://github.com/sponsors/porsager"
      }
    }
  }
}
